// !$*UTF8*$!
{
	archiveVersion = 1;
	classes = {
	};
	objectVersion = 55;
	objects = {

/* Begin PBXBuildFile section */
		1ACA2BE22A77C2BF00693742 /* ios_practice_swiftuiApp.swift in Sources */ = {isa = PBXBuildFile; fileRef = 1ACA2BE12A77C2BF00693742 /* ios_practice_swiftuiApp.swift */; };
		1ACA2BE42A77C2BF00693742 /* ContentView.swift in Sources */ = {isa = PBXBuildFile; fileRef = 1ACA2BE32A77C2BF00693742 /* ContentView.swift */; };
		1ACA2BE62A77C2C000693742 /* Assets.xcassets in Resources */ = {isa = PBXBuildFile; fileRef = 1ACA2BE52A77C2C000693742 /* Assets.xcassets */; };
		1ACA2BE92A77C2C000693742 /* Preview Assets.xcassets in Resources */ = {isa = PBXBuildFile; fileRef = 1ACA2BE82A77C2C000693742 /* Preview Assets.xcassets */; };
		1ACA2BEB2A77C2C000693742 /* Persistence.swift in Sources */ = {isa = PBXBuildFile; fileRef = 1ACA2BEA2A77C2C000693742 /* Persistence.swift */; };
		1ACA2BEE2A77C2C000693742 /* ios_practice_swiftui.xcdatamodeld in Sources */ = {isa = PBXBuildFile; fileRef = 1ACA2BEC2A77C2C000693742 /* ios_practice_swiftui.xcdatamodeld */; };
		1ACA2BF82A77C2C000693742 /* ios_practice_swiftuiTests.swift in Sources */ = {isa = PBXBuildFile; fileRef = 1ACA2BF72A77C2C000693742 /* ios_practice_swiftuiTests.swift */; };
		1ACA2C022A77C2C000693742 /* ios_practice_swiftuiUITests.swift in Sources */ = {isa = PBXBuildFile; fileRef = 1ACA2C012A77C2C000693742 /* ios_practice_swiftuiUITests.swift */; };
		1ACA2C042A77C2C000693742 /* ios_practice_swiftuiUITestsLaunchTests.swift in Sources */ = {isa = PBXBuildFile; fileRef = 1ACA2C032A77C2C000693742 /* ios_practice_swiftuiUITestsLaunchTests.swift */; };
/* End PBXBuildFile section */

/* Begin PBXContainerItemProxy section */
		1ACA2BF42A77C2C000693742 /* PBXContainerItemProxy */ = {
			isa = PBXContainerItemProxy;
			containerPortal = 1ACA2BD62A77C2BF00693742 /* Project object */;
			proxyType = 1;
			remoteGlobalIDString = 1ACA2BDD2A77C2BF00693742;
			remoteInfo = ios_practice_swiftui;
		};
		1ACA2BFE2A77C2C000693742 /* PBXContainerItemProxy */ = {
			isa = PBXContainerItemProxy;
			containerPortal = 1ACA2BD62A77C2BF00693742 /* Project object */;
			proxyType = 1;
			remoteGlobalIDString = 1ACA2BDD2A77C2BF00693742;
			remoteInfo = ios_practice_swiftui;
		};
/* End PBXContainerItemProxy section */

/* Begin PBXFileReference section */
		1ACA2BDE2A77C2BF00693742 /* ios_practice_swiftui.app */ = {isa = PBXFileReference; explicitFileType = wrapper.application; includeInIndex = 0; path = ios_practice_swiftui.app; sourceTree = BUILT_PRODUCTS_DIR; };
		1ACA2BE12A77C2BF00693742 /* ios_practice_swiftuiApp.swift */ = {isa = PBXFileReference; lastKnownFileType = sourcecode.swift; path = ios_practice_swiftuiApp.swift; sourceTree = "<group>"; };
		1ACA2BE32A77C2BF00693742 /* ContentView.swift */ = {isa = PBXFileReference; lastKnownFileType = sourcecode.swift; path = ContentView.swift; sourceTree = "<group>"; };
		1ACA2BE52A77C2C000693742 /* Assets.xcassets */ = {isa = PBXFileReference; lastKnownFileType = folder.assetcatalog; path = Assets.xcassets; sourceTree = "<group>"; };
		1ACA2BE82A77C2C000693742 /* Preview Assets.xcassets */ = {isa = PBXFileReference; lastKnownFileType = folder.assetcatalog; path = "Preview Assets.xcassets"; sourceTree = "<group>"; };
		1ACA2BEA2A77C2C000693742 /* Persistence.swift */ = {isa = PBXFileReference; lastKnownFileType = sourcecode.swift; path = Persistence.swift; sourceTree = "<group>"; };
		1ACA2BED2A77C2C000693742 /* ios_practice_swiftui.xcdatamodel */ = {isa = PBXFileReference; lastKnownFileType = wrapper.xcdatamodel; path = ios_practice_swiftui.xcdatamodel; sourceTree = "<group>"; };
		1ACA2BF32A77C2C000693742 /* ios_practice_swiftuiTests.xctest */ = {isa = PBXFileReference; explicitFileType = wrapper.cfbundle; includeInIndex = 0; path = ios_practice_swiftuiTests.xctest; sourceTree = BUILT_PRODUCTS_DIR; };
		1ACA2BF72A77C2C000693742 /* ios_practice_swiftuiTests.swift */ = {isa = PBXFileReference; lastKnownFileType = sourcecode.swift; path = ios_practice_swiftuiTests.swift; sourceTree = "<group>"; };
		1ACA2BFD2A77C2C000693742 /* ios_practice_swiftuiUITests.xctest */ = {isa = PBXFileReference; explicitFileType = wrapper.cfbundle; includeInIndex = 0; path = ios_practice_swiftuiUITests.xctest; sourceTree = BUILT_PRODUCTS_DIR; };
		1ACA2C012A77C2C000693742 /* ios_practice_swiftuiUITests.swift */ = {isa = PBXFileReference; lastKnownFileType = sourcecode.swift; path = ios_practice_swiftuiUITests.swift; sourceTree = "<group>"; };
		1ACA2C032A77C2C000693742 /* ios_practice_swiftuiUITestsLaunchTests.swift */ = {isa = PBXFileReference; lastKnownFileType = sourcecode.swift; path = ios_practice_swiftuiUITestsLaunchTests.swift; sourceTree = "<group>"; };
/* End PBXFileReference section */

/* Begin PBXFrameworksBuildPhase section */
		1ACA2BDB2A77C2BF00693742 /* Frameworks */ = {
			isa = PBXFrameworksBuildPhase;
			buildActionMask = 2147483647;
			files = (
			);
			runOnlyForDeploymentPostprocessing = 0;
		};
		1ACA2BF02A77C2C000693742 /* Frameworks */ = {
			isa = PBXFrameworksBuildPhase;
			buildActionMask = 2147483647;
			files = (
			);
			runOnlyForDeploymentPostprocessing = 0;
		};
		1ACA2BFA2A77C2C000693742 /* Frameworks */ = {
			isa = PBXFrameworksBuildPhase;
			buildActionMask = 2147483647;
			files = (
			);
			runOnlyForDeploymentPostprocessing = 0;
		};
/* End PBXFrameworksBuildPhase section */

/* Begin PBXGroup section */
		1ACA2BD52A77C2BF00693742 = {
			isa = PBXGroup;
			children = (
				1ACA2BE02A77C2BF00693742 /* ios_practice_swiftui */,
				1ACA2BF62A77C2C000693742 /* ios_practice_swiftuiTests */,
				1ACA2C002A77C2C000693742 /* ios_practice_swiftuiUITests */,
				1ACA2BDF2A77C2BF00693742 /* Products */,
			);
			sourceTree = "<group>";
		};
		1ACA2BDF2A77C2BF00693742 /* Products */ = {
			isa = PBXGroup;
			children = (
				1ACA2BDE2A77C2BF00693742 /* ios_practice_swiftui.app */,
				1ACA2BF32A77C2C000693742 /* ios_practice_swiftuiTests.xctest */,
				1ACA2BFD2A77C2C000693742 /* ios_practice_swiftuiUITests.xctest */,
			);
			name = Products;
			sourceTree = "<group>";
		};
		1ACA2BE02A77C2BF00693742 /* ios_practice_swiftui */ = {
			isa = PBXGroup;
			children = (
				1ACA2BE12A77C2BF00693742 /* ios_practice_swiftuiApp.swift */,
				1ACA2BE32A77C2BF00693742 /* ContentView.swift */,
				1ACA2BE52A77C2C000693742 /* Assets.xcassets */,
				1ACA2BEA2A77C2C000693742 /* Persistence.swift */,
				1ACA2BEC2A77C2C000693742 /* ios_practice_swiftui.xcdatamodeld */,
				1ACA2BE72A77C2C000693742 /* Preview Content */,
			);
			path = ios_practice_swiftui;
			sourceTree = "<group>";
		};
		1ACA2BE72A77C2C000693742 /* Preview Content */ = {
			isa = PBXGroup;
			children = (
				1ACA2BE82A77C2C000693742 /* Preview Assets.xcassets */,
			);
			path = "Preview Content";
			sourceTree = "<group>";
		};
		1ACA2BF62A77C2C000693742 /* ios_practice_swiftuiTests */ = {
			isa = PBXGroup;
			children = (
				1ACA2BF72A77C2C000693742 /* ios_practice_swiftuiTests.swift */,
			);
			path = ios_practice_swiftuiTests;
			sourceTree = "<group>";
		};
		1ACA2C002A77C2C000693742 /* ios_practice_swiftuiUITests */ = {
			isa = PBXGroup;
			children = (
				1ACA2C012A77C2C000693742 /* ios_practice_swiftuiUITests.swift */,
				1ACA2C032A77C2C000693742 /* ios_practice_swiftuiUITestsLaunchTests.swift */,
			);
			path = ios_practice_swiftuiUITests;
			sourceTree = "<group>";
		};
/* End PBXGroup section */

/* Begin PBXNativeTarget section */
		1ACA2BDD2A77C2BF00693742 /* ios_practice_swiftui */ = {
			isa = PBXNativeTarget;
			buildConfigurationList = 1ACA2C072A77C2C000693742 /* Build configuration list for PBXNativeTarget "ios_practice_swiftui" */;
			buildPhases = (
				1ACA2BDA2A77C2BF00693742 /* Sources */,
				1ACA2BDB2A77C2BF00693742 /* Frameworks */,
				1ACA2BDC2A77C2BF00693742 /* Resources */,
			);
			buildRules = (
			);
			dependencies = (
			);
			name = ios_practice_swiftui;
			productName = ios_practice_swiftui;
			productReference = 1ACA2BDE2A77C2BF00693742 /* ios_practice_swiftui.app */;
			productType = "com.apple.product-type.application";
		};
		1ACA2BF22A77C2C000693742 /* ios_practice_swiftuiTests */ = {
			isa = PBXNativeTarget;
			buildConfigurationList = 1ACA2C0A2A77C2C000693742 /* Build configuration list for PBXNativeTarget "ios_practice_swiftuiTests" */;
			buildPhases = (
				1ACA2BEF2A77C2C000693742 /* Sources */,
				1ACA2BF02A77C2C000693742 /* Frameworks */,
				1ACA2BF12A77C2C000693742 /* Resources */,
			);
			buildRules = (
			);
			dependencies = (
				1ACA2BF52A77C2C000693742 /* PBXTargetDependency */,
			);
			name = ios_practice_swiftuiTests;
			productName = ios_practice_swiftuiTests;
			productReference = 1ACA2BF32A77C2C000693742 /* ios_practice_swiftuiTests.xctest */;
			productType = "com.apple.product-type.bundle.unit-test";
		};
		1ACA2BFC2A77C2C000693742 /* ios_practice_swiftuiUITests */ = {
			isa = PBXNativeTarget;
			buildConfigurationList = 1ACA2C0D2A77C2C000693742 /* Build configuration list for PBXNativeTarget "ios_practice_swiftuiUITests" */;
			buildPhases = (
				1ACA2BF92A77C2C000693742 /* Sources */,
				1ACA2BFA2A77C2C000693742 /* Frameworks */,
				1ACA2BFB2A77C2C000693742 /* Resources */,
			);
			buildRules = (
			);
			dependencies = (
				1ACA2BFF2A77C2C000693742 /* PBXTargetDependency */,
			);
			name = ios_practice_swiftuiUITests;
			productName = ios_practice_swiftuiUITests;
			productReference = 1ACA2BFD2A77C2C000693742 /* ios_practice_swiftuiUITests.xctest */;
			productType = "com.apple.product-type.bundle.ui-testing";
		};
/* End PBXNativeTarget section */

/* Begin PBXProject section */
		1ACA2BD62A77C2BF00693742 /* Project object */ = {
			isa = PBXProject;
			attributes = {
				BuildIndependentTargetsInParallel = 1;
				LastSwiftUpdateCheck = 1340;
				LastUpgradeCheck = 1340;
				TargetAttributes = {
					1ACA2BDD2A77C2BF00693742 = {
						CreatedOnToolsVersion = 13.4.1;
					};
					1ACA2BF22A77C2C000693742 = {
						CreatedOnToolsVersion = 13.4.1;
						TestTargetID = 1ACA2BDD2A77C2BF00693742;
					};
					1ACA2BFC2A77C2C000693742 = {
						CreatedOnToolsVersion = 13.4.1;
						TestTargetID = 1ACA2BDD2A77C2BF00693742;
					};
				};
			};
			buildConfigurationList = 1ACA2BD92A77C2BF00693742 /* Build configuration list for PBXProject "ios_practice_swiftui" */;
			compatibilityVersion = "Xcode 13.0";
			developmentRegion = en;
			hasScannedForEncodings = 0;
			knownRegions = (
				en,
				Base,
			);
			mainGroup = 1ACA2BD52A77C2BF00693742;
			packageReferences = (
				1ACA2C102A77DC3200693742 /* XCRemoteSwiftPackageReference "ViewInspector" */,
				1ACA2C112A77DCC700693742 /* XCRemoteSwiftPackageReference "ViewInspector" */,
				1ACA2C122A77DD0500693742 /* XCRemoteSwiftPackageReference "ViewInspector" */,
				1ACA2C132A77DD4E00693742 /* XCRemoteSwiftPackageReference "ViewInspector" */,
			);
			productRefGroup = 1ACA2BDF2A77C2BF00693742 /* Products */;
			projectDirPath = "";
			projectRoot = "";
			targets = (
				1ACA2BDD2A77C2BF00693742 /* ios_practice_swiftui */,
				1ACA2BF22A77C2C000693742 /* ios_practice_swiftuiTests */,
				1ACA2BFC2A77C2C000693742 /* ios_practice_swiftuiUITests */,
			);
		};
/* End PBXProject section */

/* Begin PBXResourcesBuildPhase section */
		1ACA2BDC2A77C2BF00693742 /* Resources */ = {
			isa = PBXResourcesBuildPhase;
			buildActionMask = 2147483647;
			files = (
				1ACA2BE92A77C2C000693742 /* Preview Assets.xcassets in Resources */,
				1ACA2BE62A77C2C000693742 /* Assets.xcassets in Resources */,
			);
			runOnlyForDeploymentPostprocessing = 0;
		};
		1ACA2BF12A77C2C000693742 /* Resources */ = {
			isa = PBXResourcesBuildPhase;
			buildActionMask = 2147483647;
			files = (
			);
			runOnlyForDeploymentPostprocessing = 0;
		};
		1ACA2BFB2A77C2C000693742 /* Resources */ = {
			isa = PBXResourcesBuildPhase;
			buildActionMask = 2147483647;
			files = (
			);
			runOnlyForDeploymentPostprocessing = 0;
		};
/* End PBXResourcesBuildPhase section */

/* Begin PBXSourcesBuildPhase section */
		1ACA2BDA2A77C2BF00693742 /* Sources */ = {
			isa = PBXSourcesBuildPhase;
			buildActionMask = 2147483647;
			files = (
				1ACA2BEE2A77C2C000693742 /* ios_practice_swiftui.xcdatamodeld in Sources */,
				1ACA2BEB2A77C2C000693742 /* Persistence.swift in Sources */,
				1ACA2BE42A77C2BF00693742 /* ContentView.swift in Sources */,
				1ACA2BE22A77C2BF00693742 /* ios_practice_swiftuiApp.swift in Sources */,
			);
			runOnlyForDeploymentPostprocessing = 0;
		};
		1ACA2BEF2A77C2C000693742 /* Sources */ = {
			isa = PBXSourcesBuildPhase;
			buildActionMask = 2147483647;
			files = (
				1ACA2BF82A77C2C000693742 /* ios_practice_swiftuiTests.swift in Sources */,
			);
			runOnlyForDeploymentPostprocessing = 0;
		};
		1ACA2BF92A77C2C000693742 /* Sources */ = {
			isa = PBXSourcesBuildPhase;
			buildActionMask = 2147483647;
			files = (
				1ACA2C022A77C2C000693742 /* ios_practice_swiftuiUITests.swift in Sources */,
				1ACA2C042A77C2C000693742 /* ios_practice_swiftuiUITestsLaunchTests.swift in Sources */,
			);
			runOnlyForDeploymentPostprocessing = 0;
		};
/* End PBXSourcesBuildPhase section */

/* Begin PBXTargetDependency section */
		1ACA2BF52A77C2C000693742 /* PBXTargetDependency */ = {
			isa = PBXTargetDependency;
			target = 1ACA2BDD2A77C2BF00693742 /* ios_practice_swiftui */;
			targetProxy = 1ACA2BF42A77C2C000693742 /* PBXContainerItemProxy */;
		};
		1ACA2BFF2A77C2C000693742 /* PBXTargetDependency */ = {
			isa = PBXTargetDependency;
			target = 1ACA2BDD2A77C2BF00693742 /* ios_practice_swiftui */;
			targetProxy = 1ACA2BFE2A77C2C000693742 /* PBXContainerItemProxy */;
		};
/* End PBXTargetDependency section */

/* Begin XCBuildConfiguration section */
		1ACA2C052A77C2C000693742 /* Debug */ = {
			isa = XCBuildConfiguration;
			buildSettings = {
				ALWAYS_SEARCH_USER_PATHS = NO;
				CLANG_ANALYZER_NONNULL = YES;
				CLANG_ANALYZER_NUMBER_OBJECT_CONVERSION = YES_AGGRESSIVE;
				CLANG_CXX_LANGUAGE_STANDARD = "gnu++17";
				CLANG_ENABLE_MODULES = YES;
				CLANG_ENABLE_OBJC_ARC = YES;
				CLANG_ENABLE_OBJC_WEAK = YES;
				CLANG_WARN_BLOCK_CAPTURE_AUTORELEASING = YES;
				CLANG_WARN_BOOL_CONVERSION = YES;
				CLANG_WARN_COMMA = YES;
				CLANG_WARN_CONSTANT_CONVERSION = YES;
				CLANG_WARN_DEPRECATED_OBJC_IMPLEMENTATIONS = YES;
				CLANG_WARN_DIRECT_OBJC_ISA_USAGE = YES_ERROR;
				CLANG_WARN_DOCUMENTATION_COMMENTS = YES;
				CLANG_WARN_EMPTY_BODY = YES;
				CLANG_WARN_ENUM_CONVERSION = YES;
				CLANG_WARN_INFINITE_RECURSION = YES;
				CLANG_WARN_INT_CONVERSION = YES;
				CLANG_WARN_NON_LITERAL_NULL_CONVERSION = YES;
				CLANG_WARN_OBJC_IMPLICIT_RETAIN_SELF = YES;
				CLANG_WARN_OBJC_LITERAL_CONVERSION = YES;
				CLANG_WARN_OBJC_ROOT_CLASS = YES_ERROR;
				CLANG_WARN_QUOTED_INCLUDE_IN_FRAMEWORK_HEADER = YES;
				CLANG_WARN_RANGE_LOOP_ANALYSIS = YES;
				CLANG_WARN_STRICT_PROTOTYPES = YES;
				CLANG_WARN_SUSPICIOUS_MOVE = YES;
				CLANG_WARN_UNGUARDED_AVAILABILITY = YES_AGGRESSIVE;
				CLANG_WARN_UNREACHABLE_CODE = YES;
				CLANG_WARN__DUPLICATE_METHOD_MATCH = YES;
				COPY_PHASE_STRIP = NO;
				DEBUG_INFORMATION_FORMAT = dwarf;
				ENABLE_STRICT_OBJC_MSGSEND = YES;
				ENABLE_TESTABILITY = YES;
				GCC_C_LANGUAGE_STANDARD = gnu11;
				GCC_DYNAMIC_NO_PIC = NO;
				GCC_NO_COMMON_BLOCKS = YES;
				GCC_OPTIMIZATION_LEVEL = 0;
				GCC_PREPROCESSOR_DEFINITIONS = (
					"DEBUG=1",
					"$(inherited)",
				);
				GCC_WARN_64_TO_32_BIT_CONVERSION = YES;
				GCC_WARN_ABOUT_RETURN_TYPE = YES_ERROR;
				GCC_WARN_UNDECLARED_SELECTOR = YES;
				GCC_WARN_UNINITIALIZED_AUTOS = YES_AGGRESSIVE;
				GCC_WARN_UNUSED_FUNCTION = YES;
				GCC_WARN_UNUSED_VARIABLE = YES;
				IPHONEOS_DEPLOYMENT_TARGET = 15.5;
				MTL_ENABLE_DEBUG_INFO = INCLUDE_SOURCE;
				MTL_FAST_MATH = YES;
				ONLY_ACTIVE_ARCH = YES;
				SDKROOT = iphoneos;
				SWIFT_ACTIVE_COMPILATION_CONDITIONS = DEBUG;
				SWIFT_OPTIMIZATION_LEVEL = "-Onone";
			};
			name = Debug;
		};
		1ACA2C062A77C2C000693742 /* Release */ = {
			isa = XCBuildConfiguration;
			buildSettings = {
				ALWAYS_SEARCH_USER_PATHS = NO;
				CLANG_ANALYZER_NONNULL = YES;
				CLANG_ANALYZER_NUMBER_OBJECT_CONVERSION = YES_AGGRESSIVE;
				CLANG_CXX_LANGUAGE_STANDARD = "gnu++17";
				CLANG_ENABLE_MODULES = YES;
				CLANG_ENABLE_OBJC_ARC = YES;
				CLANG_ENABLE_OBJC_WEAK = YES;
				CLANG_WARN_BLOCK_CAPTURE_AUTORELEASING = YES;
				CLANG_WARN_BOOL_CONVERSION = YES;
				CLANG_WARN_COMMA = YES;
				CLANG_WARN_CONSTANT_CONVERSION = YES;
				CLANG_WARN_DEPRECATED_OBJC_IMPLEMENTATIONS = YES;
				CLANG_WARN_DIRECT_OBJC_ISA_USAGE = YES_ERROR;
				CLANG_WARN_DOCUMENTATION_COMMENTS = YES;
				CLANG_WARN_EMPTY_BODY = YES;
				CLANG_WARN_ENUM_CONVERSION = YES;
				CLANG_WARN_INFINITE_RECURSION = YES;
				CLANG_WARN_INT_CONVERSION = YES;
				CLANG_WARN_NON_LITERAL_NULL_CONVERSION = YES;
				CLANG_WARN_OBJC_IMPLICIT_RETAIN_SELF = YES;
				CLANG_WARN_OBJC_LITERAL_CONVERSION = YES;
				CLANG_WARN_OBJC_ROOT_CLASS = YES_ERROR;
				CLANG_WARN_QUOTED_INCLUDE_IN_FRAMEWORK_HEADER = YES;
				CLANG_WARN_RANGE_LOOP_ANALYSIS = YES;
				CLANG_WARN_STRICT_PROTOTYPES = YES;
				CLANG_WARN_SUSPICIOUS_MOVE = YES;
				CLANG_WARN_UNGUARDED_AVAILABILITY = YES_AGGRESSIVE;
				CLANG_WARN_UNREACHABLE_CODE = YES;
				CLANG_WARN__DUPLICATE_METHOD_MATCH = YES;
				COPY_PHASE_STRIP = NO;
				DEBUG_INFORMATION_FORMAT = "dwarf-with-dsym";
				ENABLE_NS_ASSERTIONS = NO;
				ENABLE_STRICT_OBJC_MSGSEND = YES;
				GCC_C_LANGUAGE_STANDARD = gnu11;
				GCC_NO_COMMON_BLOCKS = YES;
				GCC_WARN_64_TO_32_BIT_CONVERSION = YES;
				GCC_WARN_ABOUT_RETURN_TYPE = YES_ERROR;
				GCC_WARN_UNDECLARED_SELECTOR = YES;
				GCC_WARN_UNINITIALIZED_AUTOS = YES_AGGRESSIVE;
				GCC_WARN_UNUSED_FUNCTION = YES;
				GCC_WARN_UNUSED_VARIABLE = YES;
				IPHONEOS_DEPLOYMENT_TARGET = 15.5;
				MTL_ENABLE_DEBUG_INFO = NO;
				MTL_FAST_MATH = YES;
				SDKROOT = iphoneos;
				SWIFT_COMPILATION_MODE = wholemodule;
				SWIFT_OPTIMIZATION_LEVEL = "-O";
				VALIDATE_PRODUCT = YES;
			};
			name = Release;
		};
		1ACA2C082A77C2C000693742 /* Debug */ = {
			isa = XCBuildConfiguration;
			buildSettings = {
				ASSETCATALOG_COMPILER_APPICON_NAME = AppIcon;
				ASSETCATALOG_COMPILER_GLOBAL_ACCENT_COLOR_NAME = AccentColor;
				CODE_SIGN_STYLE = Automatic;
				CURRENT_PROJECT_VERSION = 1;
				DEVELOPMENT_ASSET_PATHS = "\"ios_practice_swiftui/Preview Content\"";
				DEVELOPMENT_TEAM = 9CBTU9A5M5;
				ENABLE_PREVIEWS = YES;
				GENERATE_INFOPLIST_FILE = YES;
				INFOPLIST_KEY_UIApplicationSceneManifest_Generation = YES;
				INFOPLIST_KEY_UIApplicationSupportsIndirectInputEvents = YES;
				INFOPLIST_KEY_UILaunchScreen_Generation = YES;
				INFOPLIST_KEY_UISupportedInterfaceOrientations_iPad = "UIInterfaceOrientationPortrait UIInterfaceOrientationPortraitUpsideDown UIInterfaceOrientationLandscapeLeft UIInterfaceOrientationLandscapeRight";
				INFOPLIST_KEY_UISupportedInterfaceOrientations_iPhone = "UIInterfaceOrientationPortrait UIInterfaceOrientationLandscapeLeft UIInterfaceOrientationLandscapeRight";
				LD_RUNPATH_SEARCH_PATHS = (
					"$(inherited)",
					"@executable_path/Frameworks",
				);
				MARKETING_VERSION = 1.0;
				PRODUCT_BUNDLE_IDENTIFIER = "com.dkanai.ios-practice-swiftui";
				PRODUCT_NAME = "$(TARGET_NAME)";
				SWIFT_EMIT_LOC_STRINGS = YES;
				SWIFT_VERSION = 5.0;
				TARGETED_DEVICE_FAMILY = "1,2";
			};
			name = Debug;
		};
		1ACA2C092A77C2C000693742 /* Release */ = {
			isa = XCBuildConfiguration;
			buildSettings = {
				ASSETCATALOG_COMPILER_APPICON_NAME = AppIcon;
				ASSETCATALOG_COMPILER_GLOBAL_ACCENT_COLOR_NAME = AccentColor;
				CODE_SIGN_STYLE = Automatic;
				CURRENT_PROJECT_VERSION = 1;
				DEVELOPMENT_ASSET_PATHS = "\"ios_practice_swiftui/Preview Content\"";
				DEVELOPMENT_TEAM = 9CBTU9A5M5;
				ENABLE_PREVIEWS = YES;
				GENERATE_INFOPLIST_FILE = YES;
				INFOPLIST_KEY_UIApplicationSceneManifest_Generation = YES;
				INFOPLIST_KEY_UIApplicationSupportsIndirectInputEvents = YES;
				INFOPLIST_KEY_UILaunchScreen_Generation = YES;
				INFOPLIST_KEY_UISupportedInterfaceOrientations_iPad = "UIInterfaceOrientationPortrait UIInterfaceOrientationPortraitUpsideDown UIInterfaceOrientationLandscapeLeft UIInterfaceOrientationLandscapeRight";
				INFOPLIST_KEY_UISupportedInterfaceOrientations_iPhone = "UIInterfaceOrientationPortrait UIInterfaceOrientationLandscapeLeft UIInterfaceOrientationLandscapeRight";
				LD_RUNPATH_SEARCH_PATHS = (
					"$(inherited)",
					"@executable_path/Frameworks",
				);
				MARKETING_VERSION = 1.0;
				PRODUCT_BUNDLE_IDENTIFIER = "com.dkanai.ios-practice-swiftui";
				PRODUCT_NAME = "$(TARGET_NAME)";
				SWIFT_EMIT_LOC_STRINGS = YES;
				SWIFT_VERSION = 5.0;
				TARGETED_DEVICE_FAMILY = "1,2";
			};
			name = Release;
		};
		1ACA2C0B2A77C2C000693742 /* Debug */ = {
			isa = XCBuildConfiguration;
			buildSettings = {
				ALWAYS_EMBED_SWIFT_STANDARD_LIBRARIES = YES;
				BUNDLE_LOADER = "$(TEST_HOST)";
				CODE_SIGN_STYLE = Automatic;
				CURRENT_PROJECT_VERSION = 1;
				DEVELOPMENT_TEAM = 9CBTU9A5M5;
				GENERATE_INFOPLIST_FILE = YES;
				IPHONEOS_DEPLOYMENT_TARGET = 15.5;
				MARKETING_VERSION = 1.0;
				PRODUCT_BUNDLE_IDENTIFIER = "com.dkanai.ios-practice-swiftuiTests";
				PRODUCT_NAME = "$(TARGET_NAME)";
				SWIFT_EMIT_LOC_STRINGS = NO;
				SWIFT_VERSION = 5.0;
				TARGETED_DEVICE_FAMILY = "1,2";
				TEST_HOST = "$(BUILT_PRODUCTS_DIR)/ios_practice_swiftui.app/ios_practice_swiftui";
			};
			name = Debug;
		};
		1ACA2C0C2A77C2C000693742 /* Release */ = {
			isa = XCBuildConfiguration;
			buildSettings = {
				ALWAYS_EMBED_SWIFT_STANDARD_LIBRARIES = YES;
				BUNDLE_LOADER = "$(TEST_HOST)";
				CODE_SIGN_STYLE = Automatic;
				CURRENT_PROJECT_VERSION = 1;
				DEVELOPMENT_TEAM = 9CBTU9A5M5;
				GENERATE_INFOPLIST_FILE = YES;
				IPHONEOS_DEPLOYMENT_TARGET = 15.5;
				MARKETING_VERSION = 1.0;
				PRODUCT_BUNDLE_IDENTIFIER = "com.dkanai.ios-practice-swiftuiTests";
				PRODUCT_NAME = "$(TARGET_NAME)";
				SWIFT_EMIT_LOC_STRINGS = NO;
				SWIFT_VERSION = 5.0;
				TARGETED_DEVICE_FAMILY = "1,2";
				TEST_HOST = "$(BUILT_PRODUCTS_DIR)/ios_practice_swiftui.app/ios_practice_swiftui";
			};
			name = Release;
		};
		1ACA2C0E2A77C2C000693742 /* Debug */ = {
			isa = XCBuildConfiguration;
			buildSettings = {
				ALWAYS_EMBED_SWIFT_STANDARD_LIBRARIES = YES;
				CODE_SIGN_STYLE = Automatic;
				CURRENT_PROJECT_VERSION = 1;
				DEVELOPMENT_TEAM = 9CBTU9A5M5;
				GENERATE_INFOPLIST_FILE = YES;
				MARKETING_VERSION = 1.0;
				PRODUCT_BUNDLE_IDENTIFIER = "com.dkanai.ios-practice-swiftuiUITests";
				PRODUCT_NAME = "$(TARGET_NAME)";
				SWIFT_EMIT_LOC_STRINGS = NO;
				SWIFT_VERSION = 5.0;
				TARGETED_DEVICE_FAMILY = "1,2";
				TEST_TARGET_NAME = ios_practice_swiftui;
			};
			name = Debug;
		};
		1ACA2C0F2A77C2C000693742 /* Release */ = {
			isa = XCBuildConfiguration;
			buildSettings = {
				ALWAYS_EMBED_SWIFT_STANDARD_LIBRARIES = YES;
				CODE_SIGN_STYLE = Automatic;
				CURRENT_PROJECT_VERSION = 1;
				DEVELOPMENT_TEAM = 9CBTU9A5M5;
				GENERATE_INFOPLIST_FILE = YES;
				MARKETING_VERSION = 1.0;
				PRODUCT_BUNDLE_IDENTIFIER = "com.dkanai.ios-practice-swiftuiUITests";
				PRODUCT_NAME = "$(TARGET_NAME)";
				SWIFT_EMIT_LOC_STRINGS = NO;
				SWIFT_VERSION = 5.0;
				TARGETED_DEVICE_FAMILY = "1,2";
				TEST_TARGET_NAME = ios_practice_swiftui;
			};
			name = Release;
		};
/* End XCBuildConfiguration section */

/* Begin XCConfigurationList section */
		1ACA2BD92A77C2BF00693742 /* Build configuration list for PBXProject "ios_practice_swiftui" */ = {
			isa = XCConfigurationList;
			buildConfigurations = (
				1ACA2C052A77C2C000693742 /* Debug */,
				1ACA2C062A77C2C000693742 /* Release */,
			);
			defaultConfigurationIsVisible = 0;
			defaultConfigurationName = Release;
		};
		1ACA2C072A77C2C000693742 /* Build configuration list for PBXNativeTarget "ios_practice_swiftui" */ = {
			isa = XCConfigurationList;
			buildConfigurations = (
				1ACA2C082A77C2C000693742 /* Debug */,
				1ACA2C092A77C2C000693742 /* Release */,
			);
			defaultConfigurationIsVisible = 0;
			defaultConfigurationName = Release;
		};
		1ACA2C0A2A77C2C000693742 /* Build configuration list for PBXNativeTarget "ios_practice_swiftuiTests" */ = {
			isa = XCConfigurationList;
			buildConfigurations = (
				1ACA2C0B2A77C2C000693742 /* Debug */,
				1ACA2C0C2A77C2C000693742 /* Release */,
			);
			defaultConfigurationIsVisible = 0;
			defaultConfigurationName = Release;
		};
		1ACA2C0D2A77C2C000693742 /* Build configuration list for PBXNativeTarget "ios_practice_swiftuiUITests" */ = {
			isa = XCConfigurationList;
			buildConfigurations = (
				1ACA2C0E2A77C2C000693742 /* Debug */,
				1ACA2C0F2A77C2C000693742 /* Release */,
			);
			defaultConfigurationIsVisible = 0;
			defaultConfigurationName = Release;
		};
/* End XCConfigurationList section */

/* Begin XCRemoteSwiftPackageReference section */
		1ACA2C102A77DC3200693742 /* XCRemoteSwiftPackageReference "ViewInspector" */ = {
			isa = XCRemoteSwiftPackageReference;
			repositoryURL = "https://github.com/nalexn/ViewInspector";
			requirement = {
				branch = 0.9.8;
				kind = branch;
			};
		};
		1ACA2C112A77DCC700693742 /* XCRemoteSwiftPackageReference "ViewInspector" */ = {
			isa = XCRemoteSwiftPackageReference;
			repositoryURL = "https://github.com/nalexn/ViewInspector";
			requirement = {
				branch = 0.8.0;
				kind = branch;
			};
		};
		1ACA2C122A77DD0500693742 /* XCRemoteSwiftPackageReference "ViewInspector" */ = {
			isa = XCRemoteSwiftPackageReference;
			repositoryURL = "https://github.com/nalexn/ViewInspector";
			requirement = {
				kind = exactVersion;
				version = 0.7.0;
			};
		};
		1ACA2C132A77DD4E00693742 /* XCRemoteSwiftPackageReference "ViewInspector" */ = {
			isa = XCRemoteSwiftPackageReference;
			repositoryURL = "https://github.com/nalexn/ViewInspector";
			requirement = {
				branch = 0.9.1;
				kind = branch;
			};
		};
/* End XCRemoteSwiftPackageReference section */

/* Begin XCVersionGroup section */
		1ACA2BEC2A77C2C000693742 /* ios_practice_swiftui.xcdatamodeld */ = {
			isa = XCVersionGroup;
			children = (
				1ACA2BED2A77C2C000693742 /* ios_practice_swiftui.xcdatamodel */,
			);
			currentVersion = 1ACA2BED2A77C2C000693742 /* ios_practice_swiftui.xcdatamodel */;
			path = ios_practice_swiftui.xcdatamodeld;
			sourceTree = "<group>";
			versionGroupType = wrapper.xcdatamodel;
		};
/* End XCVersionGroup section */
	};
	rootObject = 1ACA2BD62A77C2BF00693742 /* Project object */;
}
